
Microsoft Visual Studio Solution File, Format Version 12.00
# Visual Studio 15
Project("{FAE04EC0-301F-11D3-BF4B-00C04F79EFBC}") = "UnityEngine.TestRunner", "UnityEngine.TestRunner.csproj", "{4193CE02-DF1A-391A-AA20-57EABCF3C6D2}"
EndProject
Project("{FAE04EC0-301F-11D3-BF4B-00C04F79EFBC}") = "UnityEngine.UI", "UnityEngine.UI.csproj", "{70804C51-DDEE-2C1F-5444-44ADE3D37144}"
EndProject
Project("{FAE04EC0-301F-11D3-BF4B-00C04F79EFBC}") = "Unity.VisualScripting.Flow", "Unity.VisualScripting.Flow.csproj", "{532B5E42-8015-DACD-99EA-D873A0C539D2}"
EndProject
Project("{FAE04EC0-301F-11D3-BF4B-00C04F79EFBC}") = "Unity.Mathematics", "Unity.Mathematics.csproj", "{211D599C-0396-039A-8B27-9D1695CA5A8E}"
EndProject
Project("{FAE04EC0-301F-11D3-BF4B-00C04F79EFBC}") = "Unity.VisualScripting.State", "Unity.VisualScripting.State.csproj", "{8DFDDED0-4DC3-83CF-3A6E-97F332FBFFFF}"
EndProject
Project("{FAE04EC0-301F-11D3-BF4B-00C04F79EFBC}") = "Unity.VisualScripting.Core", "Unity.VisualScripting.Core.csproj", "{D4BA1581-D96F-5E03-EDE5-7B19AEA3DD5F}"
EndProject
Project("{FAE04EC0-301F-11D3-BF4B-00C04F79EFBC}") = "Unity.Burst", "Unity.Burst.csproj", "{0EB45C3E-E8CD-5560-30F7-F48B94434C26}"
EndProject
Project("{FAE04EC0-301F-11D3-BF4B-00C04F79EFBC}") = "Unity.2D.Animation.Runtime", "Unity.2D.Animation.Runtime.csproj", "{135C4745-A844-EA8E-31D0-49B54D6EF272}"
EndProject
Project("{FAE04EC0-301F-11D3-BF4B-00C04F79EFBC}") = "Unity.TextMeshPro", "Unity.TextMeshPro.csproj", "{D94CC3C4-8A51-2713-CACB-98713076AEBD}"
EndProject
Project("{FAE04EC0-301F-11D3-BF4B-00C04F79EFBC}") = "Unity.Timeline", "Unity.Timeline.csproj", "{62B6D74D-18F1-C210-AB69-11CCFE0E677C}"
EndProject
Project("{FAE04EC0-301F-11D3-BF4B-00C04F79EFBC}") = "Unity.2D.SpriteShape.Runtime", "Unity.2D.SpriteShape.Runtime.csproj", "{711FF098-0FCD-2E3D-14AA-B28047796BC2}"
EndProject
Project("{FAE04EC0-301F-11D3-BF4B-00C04F79EFBC}") = "Unity.2D.PixelPerfect", "Unity.2D.PixelPerfect.csproj", "{56A3FF89-FB72-9120-C800-233D60A3A8D2}"
EndProject
Project("{FAE04EC0-301F-11D3-BF4B-00C04F79EFBC}") = "Unity.2D.Common.Runtime", "Unity.2D.Common.Runtime.csproj", "{2E0D5100-71A9-CC8D-B334-E1583A21D879}"
EndProject
Project("{FAE04EC0-301F-11D3-BF4B-00C04F79EFBC}") = "Unity.2D.IK.Runtime", "Unity.2D.IK.Runtime.csproj", "{721AE0A2-3E3F-7D60-26B5-A21F9C9184C9}"
EndProject
Project("{FAE04EC0-301F-11D3-BF4B-00C04F79EFBC}") = "Unity.2D.Tilemap.Extras", "Unity.2D.Tilemap.Extras.csproj", "{1A66BC88-4FA2-787E-BFD2-892ADAEA0E56}"
EndProject
Project("{FAE04EC0-301F-11D3-BF4B-00C04F79EFBC}") = "Unity.InternalAPIEngineBridge.001", "Unity.InternalAPIEngineBridge.001.csproj", "{36B772BB-A48B-9BE7-4814-E4349F0E0D1B}"
EndProject
Project("{FAE04EC0-301F-11D3-BF4B-00C04F79EFBC}") = "Unity.PlasticSCM.Editor", "Unity.PlasticSCM.Editor.csproj", "{4BC5E877-2C31-8B93-6ABD-950F70315521}"
EndProject
Project("{FAE04EC0-301F-11D3-BF4B-00C04F79EFBC}") = "Unity.VisualScripting.Core.Editor", "Unity.VisualScripting.Core.Editor.csproj", "{4406DE02-31B8-B205-C90C-36C3F92B3DAC}"
EndProject
Project("{FAE04EC0-301F-11D3-BF4B-00C04F79EFBC}") = "Unity.VisualScripting.Flow.Editor", "Unity.VisualScripting.Flow.Editor.csproj", "{97BA6C06-7A6F-8D04-B07D-F367A47CAB91}"
EndProject
Project("{FAE04EC0-301F-11D3-BF4B-00C04F79EFBC}") = "Unity.VisualStudio.Editor", "Unity.VisualStudio.Editor.csproj", "{7FCAA773-A41A-C4CA-2995-C0739E663BE9}"
EndProject
Project("{FAE04EC0-301F-11D3-BF4B-00C04F79EFBC}") = "Unity.Timeline.Editor", "Unity.Timeline.Editor.csproj", "{071407BF-EE2A-E67A-8A98-1CEA41BAF68D}"
EndProject
Project("{FAE04EC0-301F-11D3-BF4B-00C04F79EFBC}") = "Unity.VisualScripting.State.Editor", "Unity.VisualScripting.State.Editor.csproj", "{E925BD07-9517-9296-DD74-D9F3A017D323}"
EndProject
Project("{FAE04EC0-301F-11D3-BF4B-00C04F79EFBC}") = "Unity.TextMeshPro.Editor", "Unity.TextMeshPro.Editor.csproj", "{4FB84E0D-637F-5688-40E4-635CC61FCB4B}"
EndProject
Project("{FAE04EC0-301F-11D3-BF4B-00C04F79EFBC}") = "Unity.2D.PixelPerfect.Editor", "Unity.2D.PixelPerfect.Editor.csproj", "{E5CE3A44-A68E-45BF-0A28-8A3BF3160637}"
EndProject
Project("{FAE04EC0-301F-11D3-BF4B-00C04F79EFBC}") = "Unity.2D.Animation.Editor", "Unity.2D.Animation.Editor.csproj", "{45A2036C-6E98-7780-B6FA-B2FA30B78E26}"
EndProject
Project("{FAE04EC0-301F-11D3-BF4B-00C04F79EFBC}") = "Unity.VisualScripting.SettingsProvider.Editor", "Unity.VisualScripting.SettingsProvider.Editor.csproj", "{B50E2866-50CF-2842-1BFA-A7DF936E25A1}"
EndProject
Project("{FAE04EC0-301F-11D3-BF4B-00C04F79EFBC}") = "Unity.2D.Psdimporter.Editor", "Unity.2D.Psdimporter.Editor.csproj", "{7A68873D-810B-1C88-486F-F58AFFD4F3A4}"
EndProject
Project("{FAE04EC0-301F-11D3-BF4B-00C04F79EFBC}") = "UnityEditor.TestRunner", "UnityEditor.TestRunner.csproj", "{4CF913D6-CA24-E73C-88CC-A1BBD56A54F6}"
EndProject
Project("{FAE04EC0-301F-11D3-BF4B-00C04F79EFBC}") = "Unity.2D.Tilemap.Editor", "Unity.2D.Tilemap.Editor.csproj", "{A84FC580-3BFA-A079-1718-2D8414483374}"
EndProject
Project("{FAE04EC0-301F-11D3-BF4B-00C04F79EFBC}") = "Unity.Rider.Editor", "Unity.Rider.Editor.csproj", "{38C76BAD-D8EE-ABFD-2B6C-E8F006B47D6C}"
EndProject
Project("{FAE04EC0-301F-11D3-BF4B-00C04F79EFBC}") = "Unity.2D.Path.Editor", "Unity.2D.Path.Editor.csproj", "{B9D60594-C93D-B82B-56FD-B537910A8DE5}"
EndProject
Project("{FAE04EC0-301F-11D3-BF4B-00C04F79EFBC}") = "PsdPlugin", "PsdPlugin.csproj", "{4ED1F3C1-588D-D3CB-AD08-6720C99F2546}"
EndProject
Project("{FAE04EC0-301F-11D3-BF4B-00C04F79EFBC}") = "Unity.2D.IK.Editor", "Unity.2D.IK.Editor.csproj", "{CB4554DA-EB3C-4D13-0B83-18E25CEF278E}"
EndProject
Project("{FAE04EC0-301F-11D3-BF4B-00C04F79EFBC}") = "Unity.2D.SpriteShape.Editor", "Unity.2D.SpriteShape.Editor.csproj", "{7188DE77-7CCB-02A9-C6EB-094B82530FE4}"
EndProject
Project("{FAE04EC0-301F-11D3-BF4B-00C04F79EFBC}") = "Unity.Burst.CodeGen", "Unity.Burst.CodeGen.csproj", "{D8DDEEEB-25B4-6FD8-84B4-388CF8561FDB}"
EndProject
Project("{FAE04EC0-301F-11D3-BF4B-00C04F79EFBC}") = "Unity.VSCode.Editor", "Unity.VSCode.Editor.csproj", "{1880493B-A086-E5E4-2E7A-4F674D20F1D1}"
EndProject
Project("{FAE04EC0-301F-11D3-BF4B-00C04F79EFBC}") = "Unity.2D.Sprite.Editor", "Unity.2D.Sprite.Editor.csproj", "{087E71D6-F0AE-933F-8451-1D0D3003F892}"
EndProject
Project("{FAE04EC0-301F-11D3-BF4B-00C04F79EFBC}") = "UnityEditor.UI", "UnityEditor.UI.csproj", "{B853C462-EF48-9C30-E7CC-6E53A0E0A825}"
EndProject
Project("{FAE04EC0-301F-11D3-BF4B-00C04F79EFBC}") = "Unity.2D.Common.Editor", "Unity.2D.Common.Editor.csproj", "{C41ED499-9504-3668-564A-9FA531D86566}"
EndProject
Project("{FAE04EC0-301F-11D3-BF4B-00C04F79EFBC}") = "Unity.CollabProxy.Editor", "Unity.CollabProxy.Editor.csproj", "{EE1387D7-404F-D5B4-EF75-8195B6F55DB1}"
EndProject
Project("{FAE04EC0-301F-11D3-BF4B-00C04F79EFBC}") = "Unity.Mathematics.Editor", "Unity.Mathematics.Editor.csproj", "{946C49A9-B12A-3E30-314F-592772D9EFF9}"
EndProject
Project("{FAE04EC0-301F-11D3-BF4B-00C04F79EFBC}") = "Unity.2D.Tilemap.Extras.Editor", "Unity.2D.Tilemap.Extras.Editor.csproj", "{6146FEB1-E75F-1FB6-E924-A48B2298C4F9}"
EndProject
Project("{FAE04EC0-301F-11D3-BF4B-00C04F79EFBC}") = "Unity.Burst.Editor", "Unity.Burst.Editor.csproj", "{BE6D9094-CD87-56BB-5D61-3DEF35758425}"
EndProject
Project("{FAE04EC0-301F-11D3-BF4B-00C04F79EFBC}") = "Unity.InternalAPIEditorBridge.001", "Unity.InternalAPIEditorBridge.001.csproj", "{252D73CE-B314-4635-E24A-AA744DEF1088}"
EndProject
Project("{FAE04EC0-301F-11D3-BF4B-00C04F79EFBC}") = "Unity.VisualScripting.Shared.Editor", "Unity.VisualScripting.Shared.Editor.csproj", "{07F8A0E6-E041-EEBC-615E-524175FACB7E}"
EndProject
Project("{FAE04EC0-301F-11D3-BF4B-00C04F79EFBC}") = "UnityEngine.TestRunner", "UnityEngine.TestRunner.Player.csproj", "{FD536321-9417-44E3-2B9F-8AE1C9DDC444}"
EndProject
Project("{FAE04EC0-301F-11D3-BF4B-00C04F79EFBC}") = "UnityEngine.UI", "UnityEngine.UI.Player.csproj", "{DFFE570F-872E-D78B-F0B0-4716BAAA1DF4}"
EndProject
Project("{FAE04EC0-301F-11D3-BF4B-00C04F79EFBC}") = "Unity.VisualScripting.Flow", "Unity.VisualScripting.Flow.Player.csproj", "{C806650B-ABEC-BBA8-79EC-42F14130F1ED}"
EndProject
Project("{FAE04EC0-301F-11D3-BF4B-00C04F79EFBC}") = "Unity.Mathematics", "Unity.Mathematics.Player.csproj", "{E6725EA6-1C4A-1C11-FCF1-6A1F478C090F}"
EndProject
Project("{FAE04EC0-301F-11D3-BF4B-00C04F79EFBC}") = "Unity.VisualScripting.State", "Unity.VisualScripting.State.Player.csproj", "{B1E70E73-AA43-E074-C65D-DC34828D4794}"
EndProject
Project("{FAE04EC0-301F-11D3-BF4B-00C04F79EFBC}") = "Unity.VisualScripting.Core", "Unity.VisualScripting.Core.Player.csproj", "{FD4F0ACD-4C80-81A1-D0C1-076B2CF0F748}"
EndProject
Project("{FAE04EC0-301F-11D3-BF4B-00C04F79EFBC}") = "Unity.Burst", "Unity.Burst.Player.csproj", "{C8DC8122-0FEB-8F3D-63C9-23AEF8B0AB30}"
EndProject
Project("{FAE04EC0-301F-11D3-BF4B-00C04F79EFBC}") = "Unity.2D.Animation.Runtime", "Unity.2D.Animation.Runtime.Player.csproj", "{4F77E246-0216-51E7-9108-917B7E1A662E}"
EndProject
Project("{FAE04EC0-301F-11D3-BF4B-00C04F79EFBC}") = "Unity.TextMeshPro", "Unity.TextMeshPro.Player.csproj", "{4131893F-2EC6-26A0-23A8-FDD08358701A}"
EndProject
Project("{FAE04EC0-301F-11D3-BF4B-00C04F79EFBC}") = "Unity.Timeline", "Unity.Timeline.Player.csproj", "{2535CB1C-F24C-7D11-AEB8-6E632CFAC215}"
EndProject
Project("{FAE04EC0-301F-11D3-BF4B-00C04F79EFBC}") = "Unity.2D.SpriteShape.Runtime", "Unity.2D.SpriteShape.Runtime.Player.csproj", "{23BEAF70-8DE8-D770-BD70-55AD6EBCF00C}"
EndProject
Project("{FAE04EC0-301F-11D3-BF4B-00C04F79EFBC}") = "Unity.2D.PixelPerfect", "Unity.2D.PixelPerfect.Player.csproj", "{816B1976-BCC3-142D-51B0-F07C840687E0}"
EndProject
Project("{FAE04EC0-301F-11D3-BF4B-00C04F79EFBC}") = "Unity.2D.Common.Runtime", "Unity.2D.Common.Runtime.Player.csproj", "{79E979BC-F733-42B4-3C9F-593E0E1CFE45}"
EndProject
Project("{FAE04EC0-301F-11D3-BF4B-00C04F79EFBC}") = "Unity.2D.IK.Runtime", "Unity.2D.IK.Runtime.Player.csproj", "{A5AC592D-03E1-9DDD-EF8E-4441750A8A77}"
EndProject
Project("{FAE04EC0-301F-11D3-BF4B-00C04F79EFBC}") = "Unity.2D.Tilemap.Extras", "Unity.2D.Tilemap.Extras.Player.csproj", "{A908017D-914B-9B9B-F946-CA32F5ACF27B}"
EndProject
Project("{FAE04EC0-301F-11D3-BF4B-00C04F79EFBC}") = "Unity.InternalAPIEngineBridge.001", "Unity.InternalAPIEngineBridge.001.Player.csproj", "{69D83024-54DB-DF7A-A764-9C881571229A}"
EndProject
Global
	GlobalSection(SolutionConfigurationPlatforms) = preSolution
		Debug|Any CPU = Debug|Any CPU
		Release|Any CPU = Release|Any CPU
	EndGlobalSection
	GlobalSection(ProjectConfigurationPlatforms) = postSolution
		{4193CE02-DF1A-391A-AA20-57EABCF3C6D2}.Debug|Any CPU.ActiveCfg = Debug|Any CPU
		{4193CE02-DF1A-391A-AA20-57EABCF3C6D2}.Debug|Any CPU.Build.0 = Debug|Any CPU
		{4193CE02-DF1A-391A-AA20-57EABCF3C6D2}.Release|Any CPU.ActiveCfg = Release|Any CPU
		{4193CE02-DF1A-391A-AA20-57EABCF3C6D2}.Release|Any CPU.Build.0 = Release|Any CPU
		{70804C51-DDEE-2C1F-5444-44ADE3D37144}.Debug|Any CPU.ActiveCfg = Debug|Any CPU
		{70804C51-DDEE-2C1F-5444-44ADE3D37144}.Debug|Any CPU.Build.0 = Debug|Any CPU
		{70804C51-DDEE-2C1F-5444-44ADE3D37144}.Release|Any CPU.ActiveCfg = Release|Any CPU
		{70804C51-DDEE-2C1F-5444-44ADE3D37144}.Release|Any CPU.Build.0 = Release|Any CPU
		{532B5E42-8015-DACD-99EA-D873A0C539D2}.Debug|Any CPU.ActiveCfg = Debug|Any CPU
		{532B5E42-8015-DACD-99EA-D873A0C539D2}.Debug|Any CPU.Build.0 = Debug|Any CPU
		{532B5E42-8015-DACD-99EA-D873A0C539D2}.Release|Any CPU.ActiveCfg = Release|Any CPU
		{532B5E42-8015-DACD-99EA-D873A0C539D2}.Release|Any CPU.Build.0 = Release|Any CPU
		{211D599C-0396-039A-8B27-9D1695CA5A8E}.Debug|Any CPU.ActiveCfg = Debug|Any CPU
		{211D599C-0396-039A-8B27-9D1695CA5A8E}.Debug|Any CPU.Build.0 = Debug|Any CPU
		{211D599C-0396-039A-8B27-9D1695CA5A8E}.Release|Any CPU.ActiveCfg = Release|Any CPU
		{211D599C-0396-039A-8B27-9D1695CA5A8E}.Release|Any CPU.Build.0 = Release|Any CPU
		{8DFDDED0-4DC3-83CF-3A6E-97F332FBFFFF}.Debug|Any CPU.ActiveCfg = Debug|Any CPU
		{8DFDDED0-4DC3-83CF-3A6E-97F332FBFFFF}.Debug|Any CPU.Build.0 = Debug|Any CPU
		{8DFDDED0-4DC3-83CF-3A6E-97F332FBFFFF}.Release|Any CPU.ActiveCfg = Release|Any CPU
		{8DFDDED0-4DC3-83CF-3A6E-97F332FBFFFF}.Release|Any CPU.Build.0 = Release|Any CPU
		{D4BA1581-D96F-5E03-EDE5-7B19AEA3DD5F}.Debug|Any CPU.ActiveCfg = Debug|Any CPU
		{D4BA1581-D96F-5E03-EDE5-7B19AEA3DD5F}.Debug|Any CPU.Build.0 = Debug|Any CPU
		{D4BA1581-D96F-5E03-EDE5-7B19AEA3DD5F}.Release|Any CPU.ActiveCfg = Release|Any CPU
		{D4BA1581-D96F-5E03-EDE5-7B19AEA3DD5F}.Release|Any CPU.Build.0 = Release|Any CPU
		{0EB45C3E-E8CD-5560-30F7-F48B94434C26}.Debug|Any CPU.ActiveCfg = Debug|Any CPU
		{0EB45C3E-E8CD-5560-30F7-F48B94434C26}.Debug|Any CPU.Build.0 = Debug|Any CPU
		{0EB45C3E-E8CD-5560-30F7-F48B94434C26}.Release|Any CPU.ActiveCfg = Release|Any CPU
		{0EB45C3E-E8CD-5560-30F7-F48B94434C26}.Release|Any CPU.Build.0 = Release|Any CPU
		{135C4745-A844-EA8E-31D0-49B54D6EF272}.Debug|Any CPU.ActiveCfg = Debug|Any CPU
		{135C4745-A844-EA8E-31D0-49B54D6EF272}.Debug|Any CPU.Build.0 = Debug|Any CPU
		{135C4745-A844-EA8E-31D0-49B54D6EF272}.Release|Any CPU.ActiveCfg = Release|Any CPU
		{135C4745-A844-EA8E-31D0-49B54D6EF272}.Release|Any CPU.Build.0 = Release|Any CPU
		{D94CC3C4-8A51-2713-CACB-98713076AEBD}.Debug|Any CPU.ActiveCfg = Debug|Any CPU
		{D94CC3C4-8A51-2713-CACB-98713076AEBD}.Debug|Any CPU.Build.0 = Debug|Any CPU
		{D94CC3C4-8A51-2713-CACB-98713076AEBD}.Release|Any CPU.ActiveCfg = Release|Any CPU
		{D94CC3C4-8A51-2713-CACB-98713076AEBD}.Release|Any CPU.Build.0 = Release|Any CPU
		{62B6D74D-18F1-C210-AB69-11CCFE0E677C}.Debug|Any CPU.ActiveCfg = Debug|Any CPU
		{62B6D74D-18F1-C210-AB69-11CCFE0E677C}.Debug|Any CPU.Build.0 = Debug|Any CPU
		{62B6D74D-18F1-C210-AB69-11CCFE0E677C}.Release|Any CPU.ActiveCfg = Release|Any CPU
		{62B6D74D-18F1-C210-AB69-11CCFE0E677C}.Release|Any CPU.Build.0 = Release|Any CPU
		{711FF098-0FCD-2E3D-14AA-B28047796BC2}.Debug|Any CPU.ActiveCfg = Debug|Any CPU
		{711FF098-0FCD-2E3D-14AA-B28047796BC2}.Debug|Any CPU.Build.0 = Debug|Any CPU
		{711FF098-0FCD-2E3D-14AA-B28047796BC2}.Release|Any CPU.ActiveCfg = Release|Any CPU
		{711FF098-0FCD-2E3D-14AA-B28047796BC2}.Release|Any CPU.Build.0 = Release|Any CPU
		{56A3FF89-FB72-9120-C800-233D60A3A8D2}.Debug|Any CPU.ActiveCfg = Debug|Any CPU
		{56A3FF89-FB72-9120-C800-233D60A3A8D2}.Debug|Any CPU.Build.0 = Debug|Any CPU
		{56A3FF89-FB72-9120-C800-233D60A3A8D2}.Release|Any CPU.ActiveCfg = Release|Any CPU
		{56A3FF89-FB72-9120-C800-233D60A3A8D2}.Release|Any CPU.Build.0 = Release|Any CPU
		{2E0D5100-71A9-CC8D-B334-E1583A21D879}.Debug|Any CPU.ActiveCfg = Debug|Any CPU
		{2E0D5100-71A9-CC8D-B334-E1583A21D879}.Debug|Any CPU.Build.0 = Debug|Any CPU
		{2E0D5100-71A9-CC8D-B334-E1583A21D879}.Release|Any CPU.ActiveCfg = Release|Any CPU
		{2E0D5100-71A9-CC8D-B334-E1583A21D879}.Release|Any CPU.Build.0 = Release|Any CPU
		{721AE0A2-3E3F-7D60-26B5-A21F9C9184C9}.Debug|Any CPU.ActiveCfg = Debug|Any CPU
		{721AE0A2-3E3F-7D60-26B5-A21F9C9184C9}.Debug|Any CPU.Build.0 = Debug|Any CPU
		{721AE0A2-3E3F-7D60-26B5-A21F9C9184C9}.Release|Any CPU.ActiveCfg = Release|Any CPU
		{721AE0A2-3E3F-7D60-26B5-A21F9C9184C9}.Release|Any CPU.Build.0 = Release|Any CPU
		{1A66BC88-4FA2-787E-BFD2-892ADAEA0E56}.Debug|Any CPU.ActiveCfg = Debug|Any CPU
		{1A66BC88-4FA2-787E-BFD2-892ADAEA0E56}.Debug|Any CPU.Build.0 = Debug|Any CPU
		{1A66BC88-4FA2-787E-BFD2-892ADAEA0E56}.Release|Any CPU.ActiveCfg = Release|Any CPU
		{1A66BC88-4FA2-787E-BFD2-892ADAEA0E56}.Release|Any CPU.Build.0 = Release|Any CPU
		{36B772BB-A48B-9BE7-4814-E4349F0E0D1B}.Debug|Any CPU.ActiveCfg = Debug|Any CPU
		{36B772BB-A48B-9BE7-4814-E4349F0E0D1B}.Debug|Any CPU.Build.0 = Debug|Any CPU
		{36B772BB-A48B-9BE7-4814-E4349F0E0D1B}.Release|Any CPU.ActiveCfg = Release|Any CPU
		{36B772BB-A48B-9BE7-4814-E4349F0E0D1B}.Release|Any CPU.Build.0 = Release|Any CPU
		{4BC5E877-2C31-8B93-6ABD-950F70315521}.Debug|Any CPU.ActiveCfg = Debug|Any CPU
		{4BC5E877-2C31-8B93-6ABD-950F70315521}.Debug|Any CPU.Build.0 = Debug|Any CPU
		{4BC5E877-2C31-8B93-6ABD-950F70315521}.Release|Any CPU.ActiveCfg = Release|Any CPU
		{4BC5E877-2C31-8B93-6ABD-950F70315521}.Release|Any CPU.Build.0 = Release|Any CPU
		{4406DE02-31B8-B205-C90C-36C3F92B3DAC}.Debug|Any CPU.ActiveCfg = Debug|Any CPU
		{4406DE02-31B8-B205-C90C-36C3F92B3DAC}.Debug|Any CPU.Build.0 = Debug|Any CPU
		{4406DE02-31B8-B205-C90C-36C3F92B3DAC}.Release|Any CPU.ActiveCfg = Release|Any CPU
		{4406DE02-31B8-B205-C90C-36C3F92B3DAC}.Release|Any CPU.Build.0 = Release|Any CPU
		{97BA6C06-7A6F-8D04-B07D-F367A47CAB91}.Debug|Any CPU.ActiveCfg = Debug|Any CPU
		{97BA6C06-7A6F-8D04-B07D-F367A47CAB91}.Debug|Any CPU.Build.0 = Debug|Any CPU
		{97BA6C06-7A6F-8D04-B07D-F367A47CAB91}.Release|Any CPU.ActiveCfg = Release|Any CPU
		{97BA6C06-7A6F-8D04-B07D-F367A47CAB91}.Release|Any CPU.Build.0 = Release|Any CPU
		{7FCAA773-A41A-C4CA-2995-C0739E663BE9}.Debug|Any CPU.ActiveCfg = Debug|Any CPU
		{7FCAA773-A41A-C4CA-2995-C0739E663BE9}.Debug|Any CPU.Build.0 = Debug|Any CPU
		{7FCAA773-A41A-C4CA-2995-C0739E663BE9}.Release|Any CPU.ActiveCfg = Release|Any CPU
		{7FCAA773-A41A-C4CA-2995-C0739E663BE9}.Release|Any CPU.Build.0 = Release|Any CPU
		{071407BF-EE2A-E67A-8A98-1CEA41BAF68D}.Debug|Any CPU.ActiveCfg = Debug|Any CPU
		{071407BF-EE2A-E67A-8A98-1CEA41BAF68D}.Debug|Any CPU.Build.0 = Debug|Any CPU
		{071407BF-EE2A-E67A-8A98-1CEA41BAF68D}.Release|Any CPU.ActiveCfg = Release|Any CPU
		{071407BF-EE2A-E67A-8A98-1CEA41BAF68D}.Release|Any CPU.Build.0 = Release|Any CPU
		{E925BD07-9517-9296-DD74-D9F3A017D323}.Debug|Any CPU.ActiveCfg = Debug|Any CPU
		{E925BD07-9517-9296-DD74-D9F3A017D323}.Debug|Any CPU.Build.0 = Debug|Any CPU
		{E925BD07-9517-9296-DD74-D9F3A017D323}.Release|Any CPU.ActiveCfg = Release|Any CPU
		{E925BD07-9517-9296-DD74-D9F3A017D323}.Release|Any CPU.Build.0 = Release|Any CPU
		{4FB84E0D-637F-5688-40E4-635CC61FCB4B}.Debug|Any CPU.ActiveCfg = Debug|Any CPU
		{4FB84E0D-637F-5688-40E4-635CC61FCB4B}.Debug|Any CPU.Build.0 = Debug|Any CPU
		{4FB84E0D-637F-5688-40E4-635CC61FCB4B}.Release|Any CPU.ActiveCfg = Release|Any CPU
		{4FB84E0D-637F-5688-40E4-635CC61FCB4B}.Release|Any CPU.Build.0 = Release|Any CPU
		{E5CE3A44-A68E-45BF-0A28-8A3BF3160637}.Debug|Any CPU.ActiveCfg = Debug|Any CPU
		{E5CE3A44-A68E-45BF-0A28-8A3BF3160637}.Debug|Any CPU.Build.0 = Debug|Any CPU
		{E5CE3A44-A68E-45BF-0A28-8A3BF3160637}.Release|Any CPU.ActiveCfg = Release|Any CPU
		{E5CE3A44-A68E-45BF-0A28-8A3BF3160637}.Release|Any CPU.Build.0 = Release|Any CPU
		{45A2036C-6E98-7780-B6FA-B2FA30B78E26}.Debug|Any CPU.ActiveCfg = Debug|Any CPU
		{45A2036C-6E98-7780-B6FA-B2FA30B78E26}.Debug|Any CPU.Build.0 = Debug|Any CPU
		{45A2036C-6E98-7780-B6FA-B2FA30B78E26}.Release|Any CPU.ActiveCfg = Release|Any CPU
		{45A2036C-6E98-7780-B6FA-B2FA30B78E26}.Release|Any CPU.Build.0 = Release|Any CPU
		{B50E2866-50CF-2842-1BFA-A7DF936E25A1}.Debug|Any CPU.ActiveCfg = Debug|Any CPU
		{B50E2866-50CF-2842-1BFA-A7DF936E25A1}.Debug|Any CPU.Build.0 = Debug|Any CPU
		{B50E2866-50CF-2842-1BFA-A7DF936E25A1}.Release|Any CPU.ActiveCfg = Release|Any CPU
		{B50E2866-50CF-2842-1BFA-A7DF936E25A1}.Release|Any CPU.Build.0 = Release|Any CPU
		{7A68873D-810B-1C88-486F-F58AFFD4F3A4}.Debug|Any CPU.ActiveCfg = Debug|Any CPU
		{7A68873D-810B-1C88-486F-F58AFFD4F3A4}.Debug|Any CPU.Build.0 = Debug|Any CPU
		{7A68873D-810B-1C88-486F-F58AFFD4F3A4}.Release|Any CPU.ActiveCfg = Release|Any CPU
		{7A68873D-810B-1C88-486F-F58AFFD4F3A4}.Release|Any CPU.Build.0 = Release|Any CPU
		{4CF913D6-CA24-E73C-88CC-A1BBD56A54F6}.Debug|Any CPU.ActiveCfg = Debug|Any CPU
		{4CF913D6-CA24-E73C-88CC-A1BBD56A54F6}.Debug|Any CPU.Build.0 = Debug|Any CPU
		{4CF913D6-CA24-E73C-88CC-A1BBD56A54F6}.Release|Any CPU.ActiveCfg = Release|Any CPU
		{4CF913D6-CA24-E73C-88CC-A1BBD56A54F6}.Release|Any CPU.Build.0 = Release|Any CPU
		{A84FC580-3BFA-A079-1718-2D8414483374}.Debug|Any CPU.ActiveCfg = Debug|Any CPU
		{A84FC580-3BFA-A079-1718-2D8414483374}.Debug|Any CPU.Build.0 = Debug|Any CPU
		{A84FC580-3BFA-A079-1718-2D8414483374}.Release|Any CPU.ActiveCfg = Release|Any CPU
		{A84FC580-3BFA-A079-1718-2D8414483374}.Release|Any CPU.Build.0 = Release|Any CPU
		{38C76BAD-D8EE-ABFD-2B6C-E8F006B47D6C}.Debug|Any CPU.ActiveCfg = Debug|Any CPU
		{38C76BAD-D8EE-ABFD-2B6C-E8F006B47D6C}.Debug|Any CPU.Build.0 = Debug|Any CPU
		{38C76BAD-D8EE-ABFD-2B6C-E8F006B47D6C}.Release|Any CPU.ActiveCfg = Release|Any CPU
		{38C76BAD-D8EE-ABFD-2B6C-E8F006B47D6C}.Release|Any CPU.Build.0 = Release|Any CPU
		{B9D60594-C93D-B82B-56FD-B537910A8DE5}.Debug|Any CPU.ActiveCfg = Debug|Any CPU
		{B9D60594-C93D-B82B-56FD-B537910A8DE5}.Debug|Any CPU.Build.0 = Debug|Any CPU
		{B9D60594-C93D-B82B-56FD-B537910A8DE5}.Release|Any CPU.ActiveCfg = Release|Any CPU
		{B9D60594-C93D-B82B-56FD-B537910A8DE5}.Release|Any CPU.Build.0 = Release|Any CPU
		{4ED1F3C1-588D-D3CB-AD08-6720C99F2546}.Debug|Any CPU.ActiveCfg = Debug|Any CPU
		{4ED1F3C1-588D-D3CB-AD08-6720C99F2546}.Debug|Any CPU.Build.0 = Debug|Any CPU
		{4ED1F3C1-588D-D3CB-AD08-6720C99F2546}.Release|Any CPU.ActiveCfg = Release|Any CPU
		{4ED1F3C1-588D-D3CB-AD08-6720C99F2546}.Release|Any CPU.Build.0 = Release|Any CPU
		{CB4554DA-EB3C-4D13-0B83-18E25CEF278E}.Debug|Any CPU.ActiveCfg = Debug|Any CPU
		{CB4554DA-EB3C-4D13-0B83-18E25CEF278E}.Debug|Any CPU.Build.0 = Debug|Any CPU
		{CB4554DA-EB3C-4D13-0B83-18E25CEF278E}.Release|Any CPU.ActiveCfg = Release|Any CPU
		{CB4554DA-EB3C-4D13-0B83-18E25CEF278E}.Release|Any CPU.Build.0 = Release|Any CPU
		{7188DE77-7CCB-02A9-C6EB-094B82530FE4}.Debug|Any CPU.ActiveCfg = Debug|Any CPU
		{7188DE77-7CCB-02A9-C6EB-094B82530FE4}.Debug|Any CPU.Build.0 = Debug|Any CPU
		{7188DE77-7CCB-02A9-C6EB-094B82530FE4}.Release|Any CPU.ActiveCfg = Release|Any CPU
		{7188DE77-7CCB-02A9-C6EB-094B82530FE4}.Release|Any CPU.Build.0 = Release|Any CPU
		{D8DDEEEB-25B4-6FD8-84B4-388CF8561FDB}.Debug|Any CPU.ActiveCfg = Debug|Any CPU
		{D8DDEEEB-25B4-6FD8-84B4-388CF8561FDB}.Debug|Any CPU.Build.0 = Debug|Any CPU
		{D8DDEEEB-25B4-6FD8-84B4-388CF8561FDB}.Release|Any CPU.ActiveCfg = Release|Any CPU
		{D8DDEEEB-25B4-6FD8-84B4-388CF8561FDB}.Release|Any CPU.Build.0 = Release|Any CPU
		{1880493B-A086-E5E4-2E7A-4F674D20F1D1}.Debug|Any CPU.ActiveCfg = Debug|Any CPU
		{1880493B-A086-E5E4-2E7A-4F674D20F1D1}.Debug|Any CPU.Build.0 = Debug|Any CPU
		{1880493B-A086-E5E4-2E7A-4F674D20F1D1}.Release|Any CPU.ActiveCfg = Release|Any CPU
		{1880493B-A086-E5E4-2E7A-4F674D20F1D1}.Release|Any CPU.Build.0 = Release|Any CPU
		{087E71D6-F0AE-933F-8451-1D0D3003F892}.Debug|Any CPU.ActiveCfg = Debug|Any CPU
		{087E71D6-F0AE-933F-8451-1D0D3003F892}.Debug|Any CPU.Build.0 = Debug|Any CPU
		{087E71D6-F0AE-933F-8451-1D0D3003F892}.Release|Any CPU.ActiveCfg = Release|Any CPU
		{087E71D6-F0AE-933F-8451-1D0D3003F892}.Release|Any CPU.Build.0 = Release|Any CPU
		{B853C462-EF48-9C30-E7CC-6E53A0E0A825}.Debug|Any CPU.ActiveCfg = Debug|Any CPU
		{B853C462-EF48-9C30-E7CC-6E53A0E0A825}.Debug|Any CPU.Build.0 = Debug|Any CPU
		{B853C462-EF48-9C30-E7CC-6E53A0E0A825}.Release|Any CPU.ActiveCfg = Release|Any CPU
		{B853C462-EF48-9C30-E7CC-6E53A0E0A825}.Release|Any CPU.Build.0 = Release|Any CPU
		{C41ED499-9504-3668-564A-9FA531D86566}.Debug|Any CPU.ActiveCfg = Debug|Any CPU
		{C41ED499-9504-3668-564A-9FA531D86566}.Debug|Any CPU.Build.0 = Debug|Any CPU
		{C41ED499-9504-3668-564A-9FA531D86566}.Release|Any CPU.ActiveCfg = Release|Any CPU
		{C41ED499-9504-3668-564A-9FA531D86566}.Release|Any CPU.Build.0 = Release|Any CPU
		{EE1387D7-404F-D5B4-EF75-8195B6F55DB1}.Debug|Any CPU.ActiveCfg = Debug|Any CPU
		{EE1387D7-404F-D5B4-EF75-8195B6F55DB1}.Debug|Any CPU.Build.0 = Debug|Any CPU
		{EE1387D7-404F-D5B4-EF75-8195B6F55DB1}.Release|Any CPU.ActiveCfg = Release|Any CPU
		{EE1387D7-404F-D5B4-EF75-8195B6F55DB1}.Release|Any CPU.Build.0 = Release|Any CPU
		{946C49A9-B12A-3E30-314F-592772D9EFF9}.Debug|Any CPU.ActiveCfg = Debug|Any CPU
		{946C49A9-B12A-3E30-314F-592772D9EFF9}.Debug|Any CPU.Build.0 = Debug|Any CPU
		{946C49A9-B12A-3E30-314F-592772D9EFF9}.Release|Any CPU.ActiveCfg = Release|Any CPU
		{946C49A9-B12A-3E30-314F-592772D9EFF9}.Release|Any CPU.Build.0 = Release|Any CPU
		{6146FEB1-E75F-1FB6-E924-A48B2298C4F9}.Debug|Any CPU.ActiveCfg = Debug|Any CPU
		{6146FEB1-E75F-1FB6-E924-A48B2298C4F9}.Debug|Any CPU.Build.0 = Debug|Any CPU
		{6146FEB1-E75F-1FB6-E924-A48B2298C4F9}.Release|Any CPU.ActiveCfg = Release|Any CPU
		{6146FEB1-E75F-1FB6-E924-A48B2298C4F9}.Release|Any CPU.Build.0 = Release|Any CPU
		{BE6D9094-CD87-56BB-5D61-3DEF35758425}.Debug|Any CPU.ActiveCfg = Debug|Any CPU
		{BE6D9094-CD87-56BB-5D61-3DEF35758425}.Debug|Any CPU.Build.0 = Debug|Any CPU
		{BE6D9094-CD87-56BB-5D61-3DEF35758425}.Release|Any CPU.ActiveCfg = Release|Any CPU
		{BE6D9094-CD87-56BB-5D61-3DEF35758425}.Release|Any CPU.Build.0 = Release|Any CPU
		{252D73CE-B314-4635-E24A-AA744DEF1088}.Debug|Any CPU.ActiveCfg = Debug|Any CPU
		{252D73CE-B314-4635-E24A-AA744DEF1088}.Debug|Any CPU.Build.0 = Debug|Any CPU
		{252D73CE-B314-4635-E24A-AA744DEF1088}.Release|Any CPU.ActiveCfg = Release|Any CPU
		{252D73CE-B314-4635-E24A-AA744DEF1088}.Release|Any CPU.Build.0 = Release|Any CPU
		{07F8A0E6-E041-EEBC-615E-524175FACB7E}.Debug|Any CPU.ActiveCfg = Debug|Any CPU
		{07F8A0E6-E041-EEBC-615E-524175FACB7E}.Debug|Any CPU.Build.0 = Debug|Any CPU
		{07F8A0E6-E041-EEBC-615E-524175FACB7E}.Release|Any CPU.ActiveCfg = Release|Any CPU
		{07F8A0E6-E041-EEBC-615E-524175FACB7E}.Release|Any CPU.Build.0 = Release|Any CPU
		{FD536321-9417-44E3-2B9F-8AE1C9DDC444}.Debug|Any CPU.ActiveCfg = Debug|Any CPU
		{FD536321-9417-44E3-2B9F-8AE1C9DDC444}.Debug|Any CPU.Build.0 = Debug|Any CPU
		{FD536321-9417-44E3-2B9F-8AE1C9DDC444}.Release|Any CPU.ActiveCfg = Release|Any CPU
		{FD536321-9417-44E3-2B9F-8AE1C9DDC444}.Release|Any CPU.Build.0 = Release|Any CPU
		{DFFE570F-872E-D78B-F0B0-4716BAAA1DF4}.Debug|Any CPU.ActiveCfg = Debug|Any CPU
		{DFFE570F-872E-D78B-F0B0-4716BAAA1DF4}.Debug|Any CPU.Build.0 = Debug|Any CPU
		{DFFE570F-872E-D78B-F0B0-4716BAAA1DF4}.Release|Any CPU.ActiveCfg = Release|Any CPU
		{DFFE570F-872E-D78B-F0B0-4716BAAA1DF4}.Release|Any CPU.Build.0 = Release|Any CPU
		{C806650B-ABEC-BBA8-79EC-42F14130F1ED}.Debug|Any CPU.ActiveCfg = Debug|Any CPU
		{C806650B-ABEC-BBA8-79EC-42F14130F1ED}.Debug|Any CPU.Build.0 = Debug|Any CPU
		{C806650B-ABEC-BBA8-79EC-42F14130F1ED}.Release|Any CPU.ActiveCfg = Release|Any CPU
		{C806650B-ABEC-BBA8-79EC-42F14130F1ED}.Release|Any CPU.Build.0 = Release|Any CPU
		{E6725EA6-1C4A-1C11-FCF1-6A1F478C090F}.Debug|Any CPU.ActiveCfg = Debug|Any CPU
		{E6725EA6-1C4A-1C11-FCF1-6A1F478C090F}.Debug|Any CPU.Build.0 = Debug|Any CPU
		{E6725EA6-1C4A-1C11-FCF1-6A1F478C090F}.Release|Any CPU.ActiveCfg = Release|Any CPU
		{E6725EA6-1C4A-1C11-FCF1-6A1F478C090F}.Release|Any CPU.Build.0 = Release|Any CPU
		{B1E70E73-AA43-E074-C65D-DC34828D4794}.Debug|Any CPU.ActiveCfg = Debug|Any CPU
		{B1E70E73-AA43-E074-C65D-DC34828D4794}.Debug|Any CPU.Build.0 = Debug|Any CPU
		{B1E70E73-AA43-E074-C65D-DC34828D4794}.Release|Any CPU.ActiveCfg = Release|Any CPU
		{B1E70E73-AA43-E074-C65D-DC34828D4794}.Release|Any CPU.Build.0 = Release|Any CPU
		{FD4F0ACD-4C80-81A1-D0C1-076B2CF0F748}.Debug|Any CPU.ActiveCfg = Debug|Any CPU
		{FD4F0ACD-4C80-81A1-D0C1-076B2CF0F748}.Debug|Any CPU.Build.0 = Debug|Any CPU
		{FD4F0ACD-4C80-81A1-D0C1-076B2CF0F748}.Release|Any CPU.ActiveCfg = Release|Any CPU
		{FD4F0ACD-4C80-81A1-D0C1-076B2CF0F748}.Release|Any CPU.Build.0 = Release|Any CPU
		{C8DC8122-0FEB-8F3D-63C9-23AEF8B0AB30}.Debug|Any CPU.ActiveCfg = Debug|Any CPU
		{C8DC8122-0FEB-8F3D-63C9-23AEF8B0AB30}.Debug|Any CPU.Build.0 = Debug|Any CPU
		{C8DC8122-0FEB-8F3D-63C9-23AEF8B0AB30}.Release|Any CPU.ActiveCfg = Release|Any CPU
		{C8DC8122-0FEB-8F3D-63C9-23AEF8B0AB30}.Release|Any CPU.Build.0 = Release|Any CPU
		{4F77E246-0216-51E7-9108-917B7E1A662E}.Debug|Any CPU.ActiveCfg = Debug|Any CPU
		{4F77E246-0216-51E7-9108-917B7E1A662E}.Debug|Any CPU.Build.0 = Debug|Any CPU
		{4F77E246-0216-51E7-9108-917B7E1A662E}.Release|Any CPU.ActiveCfg = Release|Any CPU
		{4F77E246-0216-51E7-9108-917B7E1A662E}.Release|Any CPU.Build.0 = Release|Any CPU
		{4131893F-2EC6-26A0-23A8-FDD08358701A}.Debug|Any CPU.ActiveCfg = Debug|Any CPU
		{4131893F-2EC6-26A0-23A8-FDD08358701A}.Debug|Any CPU.Build.0 = Debug|Any CPU
		{4131893F-2EC6-26A0-23A8-FDD08358701A}.Release|Any CPU.ActiveCfg = Release|Any CPU
		{4131893F-2EC6-26A0-23A8-FDD08358701A}.Release|Any CPU.Build.0 = Release|Any CPU
		{2535CB1C-F24C-7D11-AEB8-6E632CFAC215}.Debug|Any CPU.ActiveCfg = Debug|Any CPU
		{2535CB1C-F24C-7D11-AEB8-6E632CFAC215}.Debug|Any CPU.Build.0 = Debug|Any CPU
		{2535CB1C-F24C-7D11-AEB8-6E632CFAC215}.Release|Any CPU.ActiveCfg = Release|Any CPU
		{2535CB1C-F24C-7D11-AEB8-6E632CFAC215}.Release|Any CPU.Build.0 = Release|Any CPU
		{23BEAF70-8DE8-D770-BD70-55AD6EBCF00C}.Debug|Any CPU.ActiveCfg = Debug|Any CPU
		{23BEAF70-8DE8-D770-BD70-55AD6EBCF00C}.Debug|Any CPU.Build.0 = Debug|Any CPU
		{23BEAF70-8DE8-D770-BD70-55AD6EBCF00C}.Release|Any CPU.ActiveCfg = Release|Any CPU
		{23BEAF70-8DE8-D770-BD70-55AD6EBCF00C}.Release|Any CPU.Build.0 = Release|Any CPU
		{816B1976-BCC3-142D-51B0-F07C840687E0}.Debug|Any CPU.ActiveCfg = Debug|Any CPU
		{816B1976-BCC3-142D-51B0-F07C840687E0}.Debug|Any CPU.Build.0 = Debug|Any CPU
		{816B1976-BCC3-142D-51B0-F07C840687E0}.Release|Any CPU.ActiveCfg = Release|Any CPU
		{816B1976-BCC3-142D-51B0-F07C840687E0}.Release|Any CPU.Build.0 = Release|Any CPU
		{79E979BC-F733-42B4-3C9F-593E0E1CFE45}.Debug|Any CPU.ActiveCfg = Debug|Any CPU
		{79E979BC-F733-42B4-3C9F-593E0E1CFE45}.Debug|Any CPU.Build.0 = Debug|Any CPU
		{79E979BC-F733-42B4-3C9F-593E0E1CFE45}.Release|Any CPU.ActiveCfg = Release|Any CPU
		{79E979BC-F733-42B4-3C9F-593E0E1CFE45}.Release|Any CPU.Build.0 = Release|Any CPU
		{A5AC592D-03E1-9DDD-EF8E-4441750A8A77}.Debug|Any CPU.ActiveCfg = Debug|Any CPU
		{A5AC592D-03E1-9DDD-EF8E-4441750A8A77}.Debug|Any CPU.Build.0 = Debug|Any CPU
		{A5AC592D-03E1-9DDD-EF8E-4441750A8A77}.Release|Any CPU.ActiveCfg = Release|Any CPU
		{A5AC592D-03E1-9DDD-EF8E-4441750A8A77}.Release|Any CPU.Build.0 = Release|Any CPU
		{A908017D-914B-9B9B-F946-CA32F5ACF27B}.Debug|Any CPU.ActiveCfg = Debug|Any CPU
		{A908017D-914B-9B9B-F946-CA32F5ACF27B}.Debug|Any CPU.Build.0 = Debug|Any CPU
		{A908017D-914B-9B9B-F946-CA32F5ACF27B}.Release|Any CPU.ActiveCfg = Release|Any CPU
		{A908017D-914B-9B9B-F946-CA32F5ACF27B}.Release|Any CPU.Build.0 = Release|Any CPU
		{69D83024-54DB-DF7A-A764-9C881571229A}.Debug|Any CPU.ActiveCfg = Debug|Any CPU
		{69D83024-54DB-DF7A-A764-9C881571229A}.Debug|Any CPU.Build.0 = Debug|Any CPU
		{69D83024-54DB-DF7A-A764-9C881571229A}.Release|Any CPU.ActiveCfg = Release|Any CPU
		{69D83024-54DB-DF7A-A764-9C881571229A}.Release|Any CPU.Build.0 = Release|Any CPU
	EndGlobalSection
	GlobalSection(SolutionProperties) = preSolution
		HideSolutionNode = FALSE
	EndGlobalSection
EndGlobal
